
Microsoft Visual Studio Solution File, Format Version 12.00
# Visual Studio 15
VisualStudioVersion = 15.0.27703.2026
MinimumVisualStudioVersion = 10.0.40219.1
Project("{FAE04EC0-301F-11D3-BF4B-00C04F79EFBC}") = "QueryBuilderTests", "QueryBuilderTests.csproj", "{84FD68D3-1183-4EAF-9641-406781F5C7C2}"
EndProject
Project("{FAE04EC0-301F-11D3-BF4B-00C04F79EFBC}") = "Library.QueryBuilder", "..\QueryBuilder\Library.QueryBuilder.csproj", "{0CEFD8EF-6BC5-4727-AAF2-4E097216100E}"
EndProject
Global
	GlobalSection(SolutionConfigurationPlatforms) = preSolution
		Debug|Any CPU = Debug|Any CPU
		Debug|x86 = Debug|x86
		Release|Any CPU = Release|Any CPU
		Release|x86 = Release|x86
	EndGlobalSection
	GlobalSection(ProjectConfigurationPlatforms) = postSolution
		{84FD68D3-1183-4EAF-9641-406781F5C7C2}.Debug|Any CPU.ActiveCfg = Debug|Any CPU
		{84FD68D3-1183-4EAF-9641-406781F5C7C2}.Debug|Any CPU.Build.0 = Debug|Any CPU
		{84FD68D3-1183-4EAF-9641-406781F5C7C2}.Debug|x86.ActiveCfg = Debug|x86
		{84FD68D3-1183-4EAF-9641-406781F5C7C2}.Debug|x86.Build.0 = Debug|x86
		{84FD68D3-1183-4EAF-9641-406781F5C7C2}.Release|Any CPU.ActiveCfg = Release|Any CPU
		{84FD68D3-1183-4EAF-9641-406781F5C7C2}.Release|Any CPU.Build.0 = Release|Any CPU
		{84FD68D3-1183-4EAF-9641-406781F5C7C2}.Release|x86.ActiveCfg = Release|x86
		{84FD68D3-1183-4EAF-9641-406781F5C7C2}.Release|x86.Build.0 = Release|x86
		{0CEFD8EF-6BC5-4727-AAF2-4E097216100E}.Debug|Any CPU.ActiveCfg = Debug|Any CPU
		{0CEFD8EF-6BC5-4727-AAF2-4E097216100E}.Debug|Any CPU.Build.0 = Debug|Any CPU
		{0CEFD8EF-6BC5-4727-AAF2-4E097216100E}.Debug|x86.ActiveCfg = Debug|x86
		{0CEFD8EF-6BC5-4727-AAF2-4E097216100E}.Debug|x86.Build.0 = Debug|x86
		{0CEFD8EF-6BC5-4727-AAF2-4E097216100E}.Release|Any CPU.ActiveCfg = Release|Any CPU
		{0CEFD8EF-6BC5-4727-AAF2-4E097216100E}.Release|Any CPU.Build.0 = Release|Any CPU
		{0CEFD8EF-6BC5-4727-AAF2-4E097216100E}.Release|x86.ActiveCfg = Release|x86
		{0CEFD8EF-6BC5-4727-AAF2-4E097216100E}.Release|x86.Build.0 = Release|x86
	EndGlobalSection
	GlobalSection(SolutionProperties) = preSolution
		HideSolutionNode = FALSE
	EndGlobalSection
	GlobalSection(ExtensibilityGlobals) = postSolution
		SolutionGuid = {4E3610AF-ACFE-461E-8E1E-D692D4A21CDC}
	EndGlobalSection
	GlobalSection(SourceCodeControl) = preSolution
		SccNumberOfProjects = 3
		SccProjectUniqueName0 = ..\\QueryBuilder\\Library.QueryBuilder.csproj
		SccProjectName0 = \u0022$/Libraries/Library.QueryBuilder/QueryBuilder\u0022,\u0020DJNCAAAA
		SccLocalPath0 = ..\\QueryBuilder
		SccLocalPath1 = .
		SccProjectUniqueName2 = QueryBuilderTests.csproj
		SccLocalPath2 = .
	EndGlobalSection
EndGlobal
